// !$*UTF8*$!
{
	archiveVersion = 1;
	classes = {
	};
	objectVersion = 46;
	objects = {

/* Begin PBXBuildFile section */
		69A09E1B1D629772003861C9 /* AppDelegate.swift in Sources */ = {isa = PBXBuildFile; fileRef = 69A09E1A1D629772003861C9 /* AppDelegate.swift */; };
		69A09E1D1D629772003861C9 /* ViewController.swift in Sources */ = {isa = PBXBuildFile; fileRef = 69A09E1C1D629772003861C9 /* ViewController.swift */; };
		69A09E201D629772003861C9 /* Main.storyboard in Resources */ = {isa = PBXBuildFile; fileRef = 69A09E1E1D629772003861C9 /* Main.storyboard */; };
		69A09E221D629772003861C9 /* Assets.xcassets in Resources */ = {isa = PBXBuildFile; fileRef = 69A09E211D629772003861C9 /* Assets.xcassets */; };
		69A09E251D629772003861C9 /* LaunchScreen.storyboard in Resources */ = {isa = PBXBuildFile; fileRef = 69A09E231D629772003861C9 /* LaunchScreen.storyboard */; };
		69D2E0651D73AE2C0005E554 /* pokemon.csv in Resources */ = {isa = PBXBuildFile; fileRef = 69D2E0641D73AE2C0005E554 /* pokemon.csv */; };
/* End PBXBuildFile section */

/* Begin PBXFileReference section */
		69A09E171D629772003861C9 /* pokedex.app */ = {isa = PBXFileReference; explicitFileType = wrapper.application; includeInIndex = 0; path = pokedex.app; sourceTree = BUILT_PRODUCTS_DIR; };
		69A09E1A1D629772003861C9 /* AppDelegate.swift */ = {isa = PBXFileReference; lastKnownFileType = sourcecode.swift; path = AppDelegate.swift; sourceTree = "<group>"; };
		69A09E1C1D629772003861C9 /* ViewController.swift */ = {isa = PBXFileReference; lastKnownFileType = sourcecode.swift; path = ViewController.swift; sourceTree = "<group>"; };
		69A09E1F1D629772003861C9 /* Base */ = {isa = PBXFileReference; lastKnownFileType = file.storyboard; name = Base; path = Base.lproj/Main.storyboard; sourceTree = "<group>"; };
		69A09E211D629772003861C9 /* Assets.xcassets */ = {isa = PBXFileReference; lastKnownFileType = folder.assetcatalog; path = Assets.xcassets; sourceTree = "<group>"; };
		69A09E241D629772003861C9 /* Base */ = {isa = PBXFileReference; lastKnownFileType = file.storyboard; name = Base; path = Base.lproj/LaunchScreen.storyboard; sourceTree = "<group>"; };
		69A09E261D629772003861C9 /* Info.plist */ = {isa = PBXFileReference; lastKnownFileType = text.plist.xml; path = Info.plist; sourceTree = "<group>"; };
		69D2E0641D73AE2C0005E554 /* pokemon.csv */ = {isa = PBXFileReference; fileEncoding = 4; lastKnownFileType = text; path = pokemon.csv; sourceTree = "<group>"; };
/* End PBXFileReference section */

/* Begin PBXFrameworksBuildPhase section */
		69A09E141D629772003861C9 /* Frameworks */ = {
			isa = PBXFrameworksBuildPhase;
			buildActionMask = 2147483647;
			files = (
			);
			runOnlyForDeploymentPostprocessing = 0;
		};
/* End PBXFrameworksBuildPhase section */

/* Begin PBXGroup section */
		69A09E0E1D629772003861C9 = {
			isa = PBXGroup;
			children = (
				69A09E191D629772003861C9 /* pokedex */,
				69A09E181D629772003861C9 /* Products */,
			);
			sourceTree = "<group>";
		};
		69A09E181D629772003861C9 /* Products */ = {
			isa = PBXGroup;
			children = (
				69A09E171D629772003861C9 /* pokedex.app */,
			);
			name = Products;
			sourceTree = "<group>";
		};
		69A09E191D629772003861C9 /* pokedex */ = {
			isa = PBXGroup;
			children = (
				69A09E1A1D629772003861C9 /* AppDelegate.swift */,
				69A09E1C1D629772003861C9 /* ViewController.swift */,
				69D2E0641D73AE2C0005E554 /* pokemon.csv */,
				69A09E1E1D629772003861C9 /* Main.storyboard */,
				69A09E211D629772003861C9 /* Assets.xcassets */,
				69A09E231D629772003861C9 /* LaunchScreen.storyboard */,
				69A09E261D629772003861C9 /* Info.plist */,
			);
			path = pokedex;
			sourceTree = "<group>";
		};
/* End PBXGroup section */

/* Begin PBXNativeTarget section */
		69A09E161D629772003861C9 /* pokedex */ = {
			isa = PBXNativeTarget;
			buildConfigurationList = 69A09E291D629772003861C9 /* Build configuration list for PBXNativeTarget "pokedex" */;
			buildPhases = (
				69A09E131D629772003861C9 /* Sources */,
				69A09E141D629772003861C9 /* Frameworks */,
				69A09E151D629772003861C9 /* Resources */,
			);
			buildRules = (
			);
			dependencies = (
			);
			name = pokedex;
			productName = pokedex;
			productReference = 69A09E171D629772003861C9 /* pokedex.app */;
			productType = "com.apple.product-type.application";
		};
/* End PBXNativeTarget section */

/* Begin PBXProject section */
		69A09E0F1D629772003861C9 /* Project object */ = {
			isa = PBXProject;
			attributes = {
				LastSwiftUpdateCheck = 0720;
				LastUpgradeCheck = 0720;
				ORGANIZATIONNAME = namdashann;
				TargetAttributes = {
					69A09E161D629772003861C9 = {
						CreatedOnToolsVersion = 7.2;
						DevelopmentTeam = 2H8KA68SCD;
					};
				};
			};
			buildConfigurationList = 69A09E121D629772003861C9 /* Build configuration list for PBXProject "pokedex" */;
			compatibilityVersion = "Xcode 3.2";
			developmentRegion = English;
			hasScannedForEncodings = 0;
			knownRegions = (
				en,
				Base,
			);
			mainGroup = 69A09E0E1D629772003861C9;
			productRefGroup = 69A09E181D629772003861C9 /* Products */;
			projectDirPath = "";
			projectRoot = "";
			targets = (
				69A09E161D629772003861C9 /* pokedex */,
			);
		};
/* End PBXProject section */

/* Begin PBXResourcesBuildPhase section */
		69A09E151D629772003861C9 /* Resources */ = {
			isa = PBXResourcesBuildPhase;
			buildActionMask = 2147483647;
			files = (
				69A09E251D629772003861C9 /* LaunchScreen.storyboard in Resources */,
				69A09E221D629772003861C9 /* Assets.xcassets in Resources */,
				69D2E0651D73AE2C0005E554 /* pokemon.csv in Resources */,
				69A09E201D629772003861C9 /* Main.storyboard in Resources */,
			);
			runOnlyForDeploymentPostprocessing = 0;
		};
/* End PBXResourcesBuildPhase section */

/* Begin PBXSourcesBuildPhase section */
		69A09E131D629772003861C9 /* Sources */ = {
			isa = PBXSourcesBuildPhase;
			buildActionMask = 2147483647;
			files = (
				69A09E1D1D629772003861C9 /* ViewController.swift in Sources */,
				69A09E1B1D629772003861C9 /* AppDelegate.swift in Sources */,
			);
			runOnlyForDeploymentPostprocessing = 0;
		};
/* End PBXSourcesBuildPhase section */

/* Begin PBXVariantGroup section */
		69A09E1E1D629772003861C9 /* Main.storyboard */ = {
			isa = PBXVariantGroup;
			children = (
				69A09E1F1D629772003861C9 /* Base */,
			);
			name = Main.storyboard;
			sourceTree = "<group>";
		};
		69A09E231D629772003861C9 /* LaunchScreen.storyboard */ = {
			isa = PBXVariantGroup;
			children = (
				69A09E241D629772003861C9 /* Base */,
			);
			name = LaunchScreen.storyboard;
			sourceTree = "<group>";
		};
/* End PBXVariantGroup section */

/* Begin XCBuildConfiguration section */
		69A09E271D629772003861C9 /* Debug */ = {
			isa = XCBuildConfiguration;
			buildSettings = {
				ALWAYS_SEARCH_USER_PATHS = NO;
				CLANG_CXX_LANGUAGE_STANDARD = "gnu++0x";
				CLANG_CXX_LIBRARY = "libc++";
				CLANG_ENABLE_MODULES = YES;
				CLANG_ENABLE_OBJC_ARC = YES;
				CLANG_WARN_BOOL_CONVERSION = YES;
				CLANG_WARN_CONSTANT_CONVERSION = YES;
				CLANG_WARN_DIRECT_OBJC_ISA_USAGE = YES_ERROR;
				CLANG_WARN_EMPTY_BODY = YES;
				CLANG_WARN_ENUM_CONVERSION = YES;
				CLANG_WARN_INT_CONVERSION = YES;
				CLANG_WARN_OBJC_ROOT_CLASS = YES_ERROR;
				CLANG_WARN_UNREACHABLE_CODE = YES;
				CLANG_WARN__DUPLICATE_METHOD_MATCH = YES;
				"CODE_SIGN_IDENTITY[sdk=iphoneos*]" = "iPhone Developer";
				COPY_PHASE_STRIP = NO;
				DEBUG_INFORMATION_FORMAT = dwarf;
				ENABLE_STRICT_OBJC_MSGSEND = YES;
				ENABLE_TESTABILITY = YES;
				GCC_C_LANGUAGE_STANDARD = gnu99;
				GCC_DYNAMIC_NO_PIC = NO;
				GCC_NO_COMMON_BLOCKS = YES;
				GCC_OPTIMIZATION_LEVEL = 0;
				GCC_PREPROCESSOR_DEFINITIONS = (
					"DEBUG=1",
					"$(inherited)",
				);
				GCC_WARN_64_TO_32_BIT_CONVERSION = YES;
				GCC_WARN_ABOUT_RETURN_TYPE = YES_ERROR;
				GCC_WARN_UNDECLARED_SELECTOR = YES;
				GCC_WARN_UNINITIALIZED_AUTOS = YES_AGGRESSIVE;
				GCC_WARN_UNUSED_FUNCTION = YES;
				GCC_WARN_UNUSED_VARIABLE = YES;
				IPHONEOS_DEPLOYMENT_TARGET = 9.2;
				MTL_ENABLE_DEBUG_INFO = YES;
				ONLY_ACTIVE_ARCH = YES;
				SDKROOT = iphoneos;
				SWIFT_OPTIMIZATION_LEVEL = "-Onone";
				TARGETED_DEVICE_FAMILY = "1,2";
			};
			name = Debug;
		};
		69A09E281D629772003861C9 /* Release */ = {
			isa = XCBuildConfiguration;
			buildSettings = {
				ALWAYS_SEARCH_USER_PATHS = NO;
				CLANG_CXX_LANGUAGE_STANDARD = "gnu++0x";
				CLANG_CXX_LIBRARY = "libc++";
				CLANG_ENABLE_MODULES = YES;
				CLANG_ENABLE_OBJC_ARC = YES;
				CLANG_WARN_BOOL_CONVERSION = YES;
				CLANG_WARN_CONSTANT_CONVERSION = YES;
				CLANG_WARN_DIRECT_OBJC_ISA_USAGE = YES_ERROR;
				CLANG_WARN_EMPTY_BODY = YES;
				CLANG_WARN_ENUM_CONVERSION = YES;
				CLANG_WARN_INT_CONVERSION = YES;
				CLANG_WARN_OBJC_ROOT_CLASS = YES_ERROR;
				CLANG_WARN_UNREACHABLE_CODE = YES;
				CLANG_WARN__DUPLICATE_METHOD_MATCH = YES;
				"CODE_SIGN_IDENTITY[sdk=iphoneos*]" = "iPhone Developer";
				COPY_PHASE_STRIP = NO;
				DEBUG_INFORMATION_FORMAT = "dwarf-with-dsym";
				ENABLE_NS_ASSERTIONS = NO;
				ENABLE_STRICT_OBJC_MSGSEND = YES;
				GCC_C_LANGUAGE_STANDARD = gnu99;
				GCC_NO_COMMON_BLOCKS = YES;
				GCC_WARN_64_TO_32_BIT_CONVERSION = YES;
				GCC_WARN_ABOUT_RETURN_TYPE = YES_ERROR;
				GCC_WARN_UNDECLARED_SELECTOR = YES;
				GCC_WARN_UNINITIALIZED_AUTOS = YES_AGGRESSIVE;
				GCC_WARN_UNUSED_FUNCTION = YES;
				GCC_WARN_UNUSED_VARIABLE = YES;
				IPHONEOS_DEPLOYMENT_TARGET = 9.2;
				MTL_ENABLE_DEBUG_INFO = NO;
				SDKROOT = iphoneos;
				TARGETED_DEVICE_FAMILY = "1,2";
				VALIDATE_PRODUCT = YES;
			};
			name = Release;
		};
		69A09E2A1D629772003861C9 /* Debug */ = {
			isa = XCBuildConfiguration;
			buildSettings = {
				ASSETCATALOG_COMPILER_APPICON_NAME = AppIcon;
				INFOPLIST_FILE = pokedex/Info.plist;
				LD_RUNPATH_SEARCH_PATHS = "$(inherited) @executable_path/Frameworks";
				PRODUCT_BUNDLE_IDENTIFIER = com.tentwelve.pokedex;
				PRODUCT_NAME = "$(TARGET_NAME)";
			};
			name = Debug;
		};
		69A09E2B1D629772003861C9 /* Release */ = {
			isa = XCBuildConfiguration;
			buildSettings = {
				ASSETCATALOG_COMPILER_APPICON_NAME = AppIcon;
				INFOPLIST_FILE = pokedex/Info.plist;
				LD_RUNPATH_SEARCH_PATHS = "$(inherited) @executable_path/Frameworks";
				PRODUCT_BUNDLE_IDENTIFIER = com.tentwelve.pokedex;
				PRODUCT_NAME = "$(TARGET_NAME)";
			};
			name = Release;
		};
/* End XCBuildConfiguration section */

/* Begin XCConfigurationList section */
		69A09E121D629772003861C9 /* Build configuration list for PBXProject "pokedex" */ = {
			isa = XCConfigurationList;
			buildConfigurations = (
				69A09E271D629772003861C9 /* Debug */,
				69A09E281D629772003861C9 /* Release */,
			);
			defaultConfigurationIsVisible = 0;
			defaultConfigurationName = Release;
		};
		69A09E291D629772003861C9 /* Build configuration list for PBXNativeTarget "pokedex" */ = {
			isa = XCConfigurationList;
			buildConfigurations = (
				69A09E2A1D629772003861C9 /* Debug */,
				69A09E2B1D629772003861C9 /* Release */,
			);
			defaultConfigurationIsVisible = 0;
			defaultConfigurationName = Release;
		};
/* End XCConfigurationList section */
	};
	rootObject = 69A09E0F1D629772003861C9 /* Project object */;
}
